// !$*UTF8*$!
{
	archiveVersion = 1;
	classes = {
	};
	objectVersion = 50;
	objects = {

/* Begin PBXBuildFile section */
		A241559524ACDC2A00BE6494 /* QuestionView.swift in Sources */ = {isa = PBXBuildFile; fileRef = A241559424ACDC2A00BE6494 /* QuestionView.swift */; };
		A24CD04B249CBA8C006C99FC /* AppDelegate.swift in Sources */ = {isa = PBXBuildFile; fileRef = A24CD04A249CBA8C006C99FC /* AppDelegate.swift */; };
		A24CD04D249CBA8C006C99FC /* SceneDelegate.swift in Sources */ = {isa = PBXBuildFile; fileRef = A24CD04C249CBA8C006C99FC /* SceneDelegate.swift */; };
		A24CD04F249CBA8C006C99FC /* ViewController.swift in Sources */ = {isa = PBXBuildFile; fileRef = A24CD04E249CBA8C006C99FC /* ViewController.swift */; };
		A24CD052249CBA8C006C99FC /* Main.storyboard in Resources */ = {isa = PBXBuildFile; fileRef = A24CD050249CBA8C006C99FC /* Main.storyboard */; };
		A24CD054249CBA8E006C99FC /* Assets.xcassets in Resources */ = {isa = PBXBuildFile; fileRef = A24CD053249CBA8E006C99FC /* Assets.xcassets */; };
		A24CD057249CBA8E006C99FC /* LaunchScreen.storyboard in Resources */ = {isa = PBXBuildFile; fileRef = A24CD055249CBA8E006C99FC /* LaunchScreen.storyboard */; };
		A24CD05F249CBD89006C99FC /* Balham.otf in Resources */ = {isa = PBXBuildFile; fileRef = A24CD05E249CBD89006C99FC /* Balham.otf */; };
		A24CD064249CBE7B006C99FC /* Question.swift in Sources */ = {isa = PBXBuildFile; fileRef = A24CD063249CBE7B006C99FC /* Question.swift */; };
		A24CD066249CBEC9006C99FC /* Game.swift in Sources */ = {isa = PBXBuildFile; fileRef = A24CD065249CBEC9006C99FC /* Game.swift */; };
		A24CD068249CBF83006C99FC /* QuestionManager.swift in Sources */ = {isa = PBXBuildFile; fileRef = A24CD067249CBF83006C99FC /* QuestionManager.swift */; };
		A261E55C24CC792D008CAB5B /* moon_get-Heavy.otf in Resources */ = {isa = PBXBuildFile; fileRef = A261E55B24CC792D008CAB5B /* moon_get-Heavy.otf */; };
/* End PBXBuildFile section */

/* Begin PBXFileReference section */
		A241559424ACDC2A00BE6494 /* QuestionView.swift */ = {isa = PBXFileReference; lastKnownFileType = sourcecode.swift; path = QuestionView.swift; sourceTree = "<group>"; };
		A24CD047249CBA8C006C99FC /* OpenQuizz.app */ = {isa = PBXFileReference; explicitFileType = wrapper.application; includeInIndex = 0; path = OpenQuizz.app; sourceTree = BUILT_PRODUCTS_DIR; };
		A24CD04A249CBA8C006C99FC /* AppDelegate.swift */ = {isa = PBXFileReference; lastKnownFileType = sourcecode.swift; path = AppDelegate.swift; sourceTree = "<group>"; };
		A24CD04C249CBA8C006C99FC /* SceneDelegate.swift */ = {isa = PBXFileReference; lastKnownFileType = sourcecode.swift; path = SceneDelegate.swift; sourceTree = "<group>"; };
		A24CD04E249CBA8C006C99FC /* ViewController.swift */ = {isa = PBXFileReference; lastKnownFileType = sourcecode.swift; path = ViewController.swift; sourceTree = "<group>"; };
		A24CD051249CBA8C006C99FC /* Base */ = {isa = PBXFileReference; lastKnownFileType = file.storyboard; name = Base; path = Base.lproj/Main.storyboard; sourceTree = "<group>"; };
		A24CD053249CBA8E006C99FC /* Assets.xcassets */ = {isa = PBXFileReference; lastKnownFileType = folder.assetcatalog; path = Assets.xcassets; sourceTree = "<group>"; };
		A24CD056249CBA8E006C99FC /* Base */ = {isa = PBXFileReference; lastKnownFileType = file.storyboard; name = Base; path = Base.lproj/LaunchScreen.storyboard; sourceTree = "<group>"; };
		A24CD058249CBA8E006C99FC /* Info.plist */ = {isa = PBXFileReference; lastKnownFileType = text.plist.xml; path = Info.plist; sourceTree = "<group>"; };
		A24CD05E249CBD89006C99FC /* Balham.otf */ = {isa = PBXFileReference; lastKnownFileType = file; path = Balham.otf; sourceTree = "<group>"; };
		A24CD063249CBE7B006C99FC /* Question.swift */ = {isa = PBXFileReference; lastKnownFileType = sourcecode.swift; path = Question.swift; sourceTree = "<group>"; };
		A24CD065249CBEC9006C99FC /* Game.swift */ = {isa = PBXFileReference; lastKnownFileType = sourcecode.swift; path = Game.swift; sourceTree = "<group>"; };
		A24CD067249CBF83006C99FC /* QuestionManager.swift */ = {isa = PBXFileReference; lastKnownFileType = sourcecode.swift; path = QuestionManager.swift; sourceTree = "<group>"; };
		A261E55B24CC792D008CAB5B /* moon_get-Heavy.otf */ = {isa = PBXFileReference; lastKnownFileType = file; path = "moon_get-Heavy.otf"; sourceTree = "<group>"; };
/* End PBXFileReference section */

/* Begin PBXFrameworksBuildPhase section */
		A24CD044249CBA8C006C99FC /* Frameworks */ = {
			isa = PBXFrameworksBuildPhase;
			buildActionMask = 2147483647;
			files = (
			);
			runOnlyForDeploymentPostprocessing = 0;
		};
/* End PBXFrameworksBuildPhase section */

/* Begin PBXGroup section */
		A24CD03E249CBA8C006C99FC = {
			isa = PBXGroup;
			children = (
				A24CD049249CBA8C006C99FC /* OpenQuizz */,
				A24CD048249CBA8C006C99FC /* Products */,
			);
			sourceTree = "<group>";
		};
		A24CD048249CBA8C006C99FC /* Products */ = {
			isa = PBXGroup;
			children = (
				A24CD047249CBA8C006C99FC /* OpenQuizz.app */,
			);
			name = Products;
			sourceTree = "<group>";
		};
		A24CD049249CBA8C006C99FC /* OpenQuizz */ = {
			isa = PBXGroup;
			children = (
				A24CD060249CBDDD006C99FC /* Model */,
				A24CD061249CBDE5006C99FC /* View */,
				A24CD062249CBDEB006C99FC /* Controller */,
				A24CD04A249CBA8C006C99FC /* AppDelegate.swift */,
				A24CD04C249CBA8C006C99FC /* SceneDelegate.swift */,
				A24CD05E249CBD89006C99FC /* Balham.otf */,
				A261E55B24CC792D008CAB5B /* moon_get-Heavy.otf */,
				A24CD053249CBA8E006C99FC /* Assets.xcassets */,
				A24CD055249CBA8E006C99FC /* LaunchScreen.storyboard */,
				A24CD058249CBA8E006C99FC /* Info.plist */,
			);
			path = OpenQuizz;
			sourceTree = "<group>";
		};
		A24CD060249CBDDD006C99FC /* Model */ = {
			isa = PBXGroup;
			children = (
				A24CD063249CBE7B006C99FC /* Question.swift */,
				A24CD065249CBEC9006C99FC /* Game.swift */,
				A24CD067249CBF83006C99FC /* QuestionManager.swift */,
			);
			path = Model;
			sourceTree = "<group>";
		};
		A24CD061249CBDE5006C99FC /* View */ = {
			isa = PBXGroup;
			children = (
				A24CD050249CBA8C006C99FC /* Main.storyboard */,
				A241559424ACDC2A00BE6494 /* QuestionView.swift */,
			);
			path = View;
			sourceTree = "<group>";
		};
		A24CD062249CBDEB006C99FC /* Controller */ = {
			isa = PBXGroup;
			children = (
				A24CD04E249CBA8C006C99FC /* ViewController.swift */,
			);
			path = Controller;
			sourceTree = "<group>";
		};
/* End PBXGroup section */

/* Begin PBXNativeTarget section */
		A24CD046249CBA8C006C99FC /* OpenQuizz */ = {
			isa = PBXNativeTarget;
			buildConfigurationList = A24CD05B249CBA8E006C99FC /* Build configuration list for PBXNativeTarget "OpenQuizz" */;
			buildPhases = (
				A24CD043249CBA8C006C99FC /* Sources */,
				A24CD044249CBA8C006C99FC /* Frameworks */,
				A24CD045249CBA8C006C99FC /* Resources */,
			);
			buildRules = (
			);
			dependencies = (
			);
			name = OpenQuizz;
			productName = OpenQuizz;
			productReference = A24CD047249CBA8C006C99FC /* OpenQuizz.app */;
			productType = "com.apple.product-type.application";
		};
/* End PBXNativeTarget section */

/* Begin PBXProject section */
		A24CD03F249CBA8C006C99FC /* Project object */ = {
			isa = PBXProject;
			attributes = {
				LastSwiftUpdateCheck = 1150;
				LastUpgradeCheck = 1150;
				ORGANIZATIONNAME = Neko;
				TargetAttributes = {
					A24CD046249CBA8C006C99FC = {
						CreatedOnToolsVersion = 11.5;
					};
				};
			};
			buildConfigurationList = A24CD042249CBA8C006C99FC /* Build configuration list for PBXProject "OpenQuizz" */;
			compatibilityVersion = "Xcode 9.3";
			developmentRegion = en;
			hasScannedForEncodings = 0;
			knownRegions = (
				en,
				Base,
			);
			mainGroup = A24CD03E249CBA8C006C99FC;
			productRefGroup = A24CD048249CBA8C006C99FC /* Products */;
			projectDirPath = "";
			projectRoot = "";
			targets = (
				A24CD046249CBA8C006C99FC /* OpenQuizz */,
			);
		};
/* End PBXProject section */

/* Begin PBXResourcesBuildPhase section */
		A24CD045249CBA8C006C99FC /* Resources */ = {
			isa = PBXResourcesBuildPhase;
			buildActionMask = 2147483647;
			files = (
				A24CD057249CBA8E006C99FC /* LaunchScreen.storyboard in Resources */,
				A24CD054249CBA8E006C99FC /* Assets.xcassets in Resources */,
				A24CD05F249CBD89006C99FC /* Balham.otf in Resources */,
				A24CD052249CBA8C006C99FC /* Main.storyboard in Resources */,
				A261E55C24CC792D008CAB5B /* moon_get-Heavy.otf in Resources */,
			);
			runOnlyForDeploymentPostprocessing = 0;
		};
/* End PBXResourcesBuildPhase section */

/* Begin PBXSourcesBuildPhase section */
		A24CD043249CBA8C006C99FC /* Sources */ = {
			isa = PBXSourcesBuildPhase;
			buildActionMask = 2147483647;
			files = (
				A24CD04F249CBA8C006C99FC /* ViewController.swift in Sources */,
				A24CD066249CBEC9006C99FC /* Game.swift in Sources */,
				A24CD064249CBE7B006C99FC /* Question.swift in Sources */,
				A241559524ACDC2A00BE6494 /* QuestionView.swift in Sources */,
				A24CD04B249CBA8C006C99FC /* AppDelegate.swift in Sources */,
				A24CD04D249CBA8C006C99FC /* SceneDelegate.swift in Sources */,
				A24CD068249CBF83006C99FC /* QuestionManager.swift in Sources */,
			);
			runOnlyForDeploymentPostprocessing = 0;
		};
/* End PBXSourcesBuildPhase section */

/* Begin PBXVariantGroup section */
		A24CD050249CBA8C006C99FC /* Main.storyboard */ = {
			isa = PBXVariantGroup;
			children = (
				A24CD051249CBA8C006C99FC /* Base */,
			);
			name = Main.storyboard;
			sourceTree = "<group>";
		};
		A24CD055249CBA8E006C99FC /* LaunchScreen.storyboard */ = {
			isa = PBXVariantGroup;
			children = (
				A24CD056249CBA8E006C99FC /* Base */,
			);
			name = LaunchScreen.storyboard;
			sourceTree = "<group>";
		};
/* End PBXVariantGroup section */

/* Begin XCBuildConfiguration section */
		A24CD059249CBA8E006C99FC /* Debug */ = {
			isa = XCBuildConfiguration;
			buildSettings = {
				ALWAYS_SEARCH_USER_PATHS = NO;
				CLANG_ANALYZER_NONNULL = YES;
				CLANG_ANALYZER_NUMBER_OBJECT_CONVERSION = YES_AGGRESSIVE;
				CLANG_CXX_LANGUAGE_STANDARD = "gnu++14";
				CLANG_CXX_LIBRARY = "libc++";
				CLANG_ENABLE_MODULES = YES;
				CLANG_ENABLE_OBJC_ARC = YES;
				CLANG_ENABLE_OBJC_WEAK = YES;
				CLANG_WARN_BLOCK_CAPTURE_AUTORELEASING = YES;
				CLANG_WARN_BOOL_CONVERSION = YES;
				CLANG_WARN_COMMA = YES;
				CLANG_WARN_CONSTANT_CONVERSION = YES;
				CLANG_WARN_DEPRECATED_OBJC_IMPLEMENTATIONS = YES;
				CLANG_WARN_DIRECT_OBJC_ISA_USAGE = YES_ERROR;
				CLANG_WARN_DOCUMENTATION_COMMENTS = YES;
				CLANG_WARN_EMPTY_BODY = YES;
				CLANG_WARN_ENUM_CONVERSION = YES;
				CLANG_WARN_INFINITE_RECURSION = YES;
				CLANG_WARN_INT_CONVERSION = YES;
				CLANG_WARN_NON_LITERAL_NULL_CONVERSION = YES;
				CLANG_WARN_OBJC_IMPLICIT_RETAIN_SELF = YES;
				CLANG_WARN_OBJC_LITERAL_CONVERSION = YES;
				CLANG_WARN_OBJC_ROOT_CLASS = YES_ERROR;
				CLANG_WARN_RANGE_LOOP_ANALYSIS = YES;
				CLANG_WARN_STRICT_PROTOTYPES = YES;
				CLANG_WARN_SUSPICIOUS_MOVE = YES;
				CLANG_WARN_UNGUARDED_AVAILABILITY = YES_AGGRESSIVE;
				CLANG_WARN_UNREACHABLE_CODE = YES;
				CLANG_WARN__DUPLICATE_METHOD_MATCH = YES;
				COPY_PHASE_STRIP = NO;
				DEBUG_INFORMATION_FORMAT = dwarf;
				ENABLE_STRICT_OBJC_MSGSEND = YES;
				ENABLE_TESTABILITY = YES;
				GCC_C_LANGUAGE_STANDARD = gnu11;
				GCC_DYNAMIC_NO_PIC = NO;
				GCC_NO_COMMON_BLOCKS = YES;
				GCC_OPTIMIZATION_LEVEL = 0;
				GCC_PREPROCESSOR_DEFINITIONS = (
					"DEBUG=1",
					"$(inherited)",
				);
				GCC_WARN_64_TO_32_BIT_CONVERSION = YES;
				GCC_WARN_ABOUT_RETURN_TYPE = YES_ERROR;
				GCC_WARN_UNDECLARED_SELECTOR = YES;
				GCC_WARN_UNINITIALIZED_AUTOS = YES_AGGRESSIVE;
				GCC_WARN_UNUSED_FUNCTION = YES;
				GCC_WARN_UNUSED_VARIABLE = YES;
				IPHONEOS_DEPLOYMENT_TARGET = 13.5;
				MTL_ENABLE_DEBUG_INFO = INCLUDE_SOURCE;
				MTL_FAST_MATH = YES;
				ONLY_ACTIVE_ARCH = YES;
				SDKROOT = iphoneos;
				SWIFT_ACTIVE_COMPILATION_CONDITIONS = DEBUG;
				SWIFT_OPTIMIZATION_LEVEL = "-Onone";
			};
			name = Debug;
		};
		A24CD05A249CBA8E006C99FC /* Release */ = {
			isa = XCBuildConfiguration;
			buildSettings = {
				ALWAYS_SEARCH_USER_PATHS = NO;
				CLANG_ANALYZER_NONNULL = YES;
				CLANG_ANALYZER_NUMBER_OBJECT_CONVERSION = YES_AGGRESSIVE;
				CLANG_CXX_LANGUAGE_STANDARD = "gnu++14";
				CLANG_CXX_LIBRARY = "libc++";
				CLANG_ENABLE_MODULES = YES;
				CLANG_ENABLE_OBJC_ARC = YES;
				CLANG_ENABLE_OBJC_WEAK = YES;
				CLANG_WARN_BLOCK_CAPTURE_AUTORELEASING = YES;
				CLANG_WARN_BOOL_CONVERSION = YES;
				CLANG_WARN_COMMA = YES;
				CLANG_WARN_CONSTANT_CONVERSION = YES;
				CLANG_WARN_DEPRECATED_OBJC_IMPLEMENTATIONS = YES;
				CLANG_WARN_DIRECT_OBJC_ISA_USAGE = YES_ERROR;
				CLANG_WARN_DOCUMENTATION_COMMENTS = YES;
				CLANG_WARN_EMPTY_BODY = YES;
				CLANG_WARN_ENUM_CONVERSION = YES;
				CLANG_WARN_INFINITE_RECURSION = YES;
				CLANG_WARN_INT_CONVERSION = YES;
				CLANG_WARN_NON_LITERAL_NULL_CONVERSION = YES;
				CLANG_WARN_OBJC_IMPLICIT_RETAIN_SELF = YES;
				CLANG_WARN_OBJC_LITERAL_CONVERSION = YES;
				CLANG_WARN_OBJC_ROOT_CLASS = YES_ERROR;
				CLANG_WARN_RANGE_LOOP_ANALYSIS = YES;
				CLANG_WARN_STRICT_PROTOTYPES = YES;
				CLANG_WARN_SUSPICIOUS_MOVE = YES;
				CLANG_WARN_UNGUARDED_AVAILABILITY = YES_AGGRESSIVE;
				CLANG_WARN_UNREACHABLE_CODE = YES;
				CLANG_WARN__DUPLICATE_METHOD_MATCH = YES;
				COPY_PHASE_STRIP = NO;
				DEBUG_INFORMATION_FORMAT = "dwarf-with-dsym";
				ENABLE_NS_ASSERTIONS = NO;
				ENABLE_STRICT_OBJC_MSGSEND = YES;
				GCC_C_LANGUAGE_STANDARD = gnu11;
				GCC_NO_COMMON_BLOCKS = YES;
				GCC_WARN_64_TO_32_BIT_CONVERSION = YES;
				GCC_WARN_ABOUT_RETURN_TYPE = YES_ERROR;
				GCC_WARN_UNDECLARED_SELECTOR = YES;
				GCC_WARN_UNINITIALIZED_AUTOS = YES_AGGRESSIVE;
				GCC_WARN_UNUSED_FUNCTION = YES;
				GCC_WARN_UNUSED_VARIABLE = YES;
				IPHONEOS_DEPLOYMENT_TARGET = 13.5;
				MTL_ENABLE_DEBUG_INFO = NO;
				MTL_FAST_MATH = YES;
				SDKROOT = iphoneos;
				SWIFT_COMPILATION_MODE = wholemodule;
				SWIFT_OPTIMIZATION_LEVEL = "-O";
				VALIDATE_PRODUCT = YES;
			};
			name = Release;
		};
		A24CD05C249CBA8E006C99FC /* Debug */ = {
			isa = XCBuildConfiguration;
			buildSettings = {
				ASSETCATALOG_COMPILER_APPICON_NAME = AppIcon;
				CODE_SIGN_STYLE = Automatic;
				INFOPLIST_FILE = OpenQuizz/Info.plist;
				LD_RUNPATH_SEARCH_PATHS = (
					"$(inherited)",
					"@executable_path/Frameworks",
				);
				PRODUCT_BUNDLE_IDENTIFIER = com.neko.OpenQuizz;
				PRODUCT_NAME = "$(TARGET_NAME)";
				SWIFT_VERSION = 5.0;
				TARGETED_DEVICE_FAMILY = "1,2";
			};
			name = Debug;
		};
		A24CD05D249CBA8E006C99FC /* Release */ = {
			isa = XCBuildConfiguration;
			buildSettings = {
				ASSETCATALOG_COMPILER_APPICON_NAME = AppIcon;
				CODE_SIGN_STYLE = Automatic;
				INFOPLIST_FILE = OpenQuizz/Info.plist;
				LD_RUNPATH_SEARCH_PATHS = (
					"$(inherited)",
					"@executable_path/Frameworks",
				);
				PRODUCT_BUNDLE_IDENTIFIER = com.neko.OpenQuizz;
				PRODUCT_NAME = "$(TARGET_NAME)";
				SWIFT_VERSION = 5.0;
				TARGETED_DEVICE_FAMILY = "1,2";
			};
			name = Release;
		};
/* End XCBuildConfiguration section */

/* Begin XCConfigurationList section */
		A24CD042249CBA8C006C99FC /* Build configuration list for PBXProject "OpenQuizz" */ = {
			isa = XCConfigurationList;
			buildConfigurations = (
				A24CD059249CBA8E006C99FC /* Debug */,
				A24CD05A249CBA8E006C99FC /* Release */,
			);
			defaultConfigurationIsVisible = 0;
			defaultConfigurationName = Release;
		};
		A24CD05B249CBA8E006C99FC /* Build configuration list for PBXNativeTarget "OpenQuizz" */ = {
			isa = XCConfigurationList;
			buildConfigurations = (
				A24CD05C249CBA8E006C99FC /* Debug */,
				A24CD05D249CBA8E006C99FC /* Release */,
			);
			defaultConfigurationIsVisible = 0;
			defaultConfigurationName = Release;
		};
/* End XCConfigurationList section */
	};
	rootObject = A24CD03F249CBA8C006C99FC /* Project object */;
}
